// !$*UTF8*$!
{
	archiveVersion = 1;
	classes = {
	};
	objectVersion = 50;
	objects = {

/* Begin PBXBuildFile section */
		63E6BD0423FF1A4100023030 /* AppDelegate.swift in Sources */ = {isa = PBXBuildFile; fileRef = 63E6BD0323FF1A4100023030 /* AppDelegate.swift */; };
		63E6BD0623FF1A4100023030 /* SceneDelegate.swift in Sources */ = {isa = PBXBuildFile; fileRef = 63E6BD0523FF1A4100023030 /* SceneDelegate.swift */; };
		63E6BD0823FF1A4100023030 /* NotificationsVC.swift in Sources */ = {isa = PBXBuildFile; fileRef = 63E6BD0723FF1A4100023030 /* NotificationsVC.swift */; };
		63E6BD0B23FF1A4100023030 /* Main.storyboard in Resources */ = {isa = PBXBuildFile; fileRef = 63E6BD0923FF1A4100023030 /* Main.storyboard */; };
		63E6BD0D23FF1A4400023030 /* Assets.xcassets in Resources */ = {isa = PBXBuildFile; fileRef = 63E6BD0C23FF1A4400023030 /* Assets.xcassets */; };
		63E6BD1023FF1A4400023030 /* LaunchScreen.storyboard in Resources */ = {isa = PBXBuildFile; fileRef = 63E6BD0E23FF1A4400023030 /* LaunchScreen.storyboard */; };
		63E6BD1B23FF1A4500023030 /* LocalNotificationsLabTests.swift in Sources */ = {isa = PBXBuildFile; fileRef = 63E6BD1A23FF1A4500023030 /* LocalNotificationsLabTests.swift */; };
		63E6BD2923FF1EE500023030 /* CreateNotificationVC.swift in Sources */ = {isa = PBXBuildFile; fileRef = 63E6BD2823FF1EE500023030 /* CreateNotificationVC.swift */; };
		63E6BD2B23FF28B100023030 /* PendingNotification.swift in Sources */ = {isa = PBXBuildFile; fileRef = 63E6BD2A23FF28B100023030 /* PendingNotification.swift */; };
		63E6BD2D23FF2DBB00023030 /* pika.jpeg in Resources */ = {isa = PBXBuildFile; fileRef = 63E6BD2C23FF2DBB00023030 /* pika.jpeg */; };
		63E6BD2F23FF2DE500023030 /* pikachu.mp3 in Resources */ = {isa = PBXBuildFile; fileRef = 63E6BD2E23FF2DE500023030 /* pikachu.mp3 */; };
/* End PBXBuildFile section */

/* Begin PBXContainerItemProxy section */
		63E6BD1723FF1A4500023030 /* PBXContainerItemProxy */ = {
			isa = PBXContainerItemProxy;
			containerPortal = 63E6BCF823FF1A4100023030 /* Project object */;
			proxyType = 1;
			remoteGlobalIDString = 63E6BCFF23FF1A4100023030;
			remoteInfo = LocalNotificationsLab;
		};
/* End PBXContainerItemProxy section */

/* Begin PBXFileReference section */
		63E6BD0023FF1A4100023030 /* LocalNotificationsLab.app */ = {isa = PBXFileReference; explicitFileType = wrapper.application; includeInIndex = 0; path = LocalNotificationsLab.app; sourceTree = BUILT_PRODUCTS_DIR; };
		63E6BD0323FF1A4100023030 /* AppDelegate.swift */ = {isa = PBXFileReference; lastKnownFileType = sourcecode.swift; path = AppDelegate.swift; sourceTree = "<group>"; };
		63E6BD0523FF1A4100023030 /* SceneDelegate.swift */ = {isa = PBXFileReference; lastKnownFileType = sourcecode.swift; path = SceneDelegate.swift; sourceTree = "<group>"; };
		63E6BD0723FF1A4100023030 /* NotificationsVC.swift */ = {isa = PBXFileReference; lastKnownFileType = sourcecode.swift; path = NotificationsVC.swift; sourceTree = "<group>"; };
		63E6BD0A23FF1A4100023030 /* Base */ = {isa = PBXFileReference; lastKnownFileType = file.storyboard; name = Base; path = Base.lproj/Main.storyboard; sourceTree = "<group>"; };
		63E6BD0C23FF1A4400023030 /* Assets.xcassets */ = {isa = PBXFileReference; lastKnownFileType = folder.assetcatalog; path = Assets.xcassets; sourceTree = "<group>"; };
		63E6BD0F23FF1A4400023030 /* Base */ = {isa = PBXFileReference; lastKnownFileType = file.storyboard; name = Base; path = Base.lproj/LaunchScreen.storyboard; sourceTree = "<group>"; };
		63E6BD1123FF1A4400023030 /* Info.plist */ = {isa = PBXFileReference; lastKnownFileType = text.plist.xml; path = Info.plist; sourceTree = "<group>"; };
		63E6BD1623FF1A4500023030 /* LocalNotificationsLabTests.xctest */ = {isa = PBXFileReference; explicitFileType = wrapper.cfbundle; includeInIndex = 0; path = LocalNotificationsLabTests.xctest; sourceTree = BUILT_PRODUCTS_DIR; };
		63E6BD1A23FF1A4500023030 /* LocalNotificationsLabTests.swift */ = {isa = PBXFileReference; lastKnownFileType = sourcecode.swift; path = LocalNotificationsLabTests.swift; sourceTree = "<group>"; };
		63E6BD1C23FF1A4500023030 /* Info.plist */ = {isa = PBXFileReference; lastKnownFileType = text.plist.xml; path = Info.plist; sourceTree = "<group>"; };
		63E6BD2823FF1EE500023030 /* CreateNotificationVC.swift */ = {isa = PBXFileReference; lastKnownFileType = sourcecode.swift; path = CreateNotificationVC.swift; sourceTree = "<group>"; };
		63E6BD2A23FF28B100023030 /* PendingNotification.swift */ = {isa = PBXFileReference; lastKnownFileType = sourcecode.swift; path = PendingNotification.swift; sourceTree = "<group>"; };
		63E6BD2C23FF2DBB00023030 /* pika.jpeg */ = {isa = PBXFileReference; lastKnownFileType = image.jpeg; path = pika.jpeg; sourceTree = "<group>"; };
		63E6BD2E23FF2DE500023030 /* pikachu.mp3 */ = {isa = PBXFileReference; lastKnownFileType = audio.mp3; path = pikachu.mp3; sourceTree = "<group>"; };
/* End PBXFileReference section */

/* Begin PBXFrameworksBuildPhase section */
		63E6BCFD23FF1A4100023030 /* Frameworks */ = {
			isa = PBXFrameworksBuildPhase;
			buildActionMask = 2147483647;
			files = (
			);
			runOnlyForDeploymentPostprocessing = 0;
		};
		63E6BD1323FF1A4500023030 /* Frameworks */ = {
			isa = PBXFrameworksBuildPhase;
			buildActionMask = 2147483647;
			files = (
			);
			runOnlyForDeploymentPostprocessing = 0;
		};
/* End PBXFrameworksBuildPhase section */

/* Begin PBXGroup section */
		63E6BCF723FF1A4100023030 = {
			isa = PBXGroup;
			children = (
				63E6BD0223FF1A4100023030 /* LocalNotificationsLab */,
				63E6BD1923FF1A4500023030 /* LocalNotificationsLabTests */,
				63E6BD0123FF1A4100023030 /* Products */,
			);
			sourceTree = "<group>";
		};
		63E6BD0123FF1A4100023030 /* Products */ = {
			isa = PBXGroup;
			children = (
				63E6BD0023FF1A4100023030 /* LocalNotificationsLab.app */,
				63E6BD1623FF1A4500023030 /* LocalNotificationsLabTests.xctest */,
			);
			name = Products;
			sourceTree = "<group>";
		};
		63E6BD0223FF1A4100023030 /* LocalNotificationsLab */ = {
			isa = PBXGroup;
			children = (
				63E6BD2723FF1AB800023030 /* Views */,
				63E6BD2623FF1A8000023030 /* Controllers */,
				63E6BD2A23FF28B100023030 /* PendingNotification.swift */,
				63E6BD0323FF1A4100023030 /* AppDelegate.swift */,
				63E6BD2C23FF2DBB00023030 /* pika.jpeg */,
				63E6BD2E23FF2DE500023030 /* pikachu.mp3 */,
				63E6BD0523FF1A4100023030 /* SceneDelegate.swift */,
				63E6BD0C23FF1A4400023030 /* Assets.xcassets */,
				63E6BD1123FF1A4400023030 /* Info.plist */,
			);
			path = LocalNotificationsLab;
			sourceTree = "<group>";
		};
		63E6BD1923FF1A4500023030 /* LocalNotificationsLabTests */ = {
			isa = PBXGroup;
			children = (
				63E6BD1A23FF1A4500023030 /* LocalNotificationsLabTests.swift */,
				63E6BD1C23FF1A4500023030 /* Info.plist */,
			);
			path = LocalNotificationsLabTests;
			sourceTree = "<group>";
		};
		63E6BD2623FF1A8000023030 /* Controllers */ = {
			isa = PBXGroup;
			children = (
				63E6BD0723FF1A4100023030 /* NotificationsVC.swift */,
				63E6BD2823FF1EE500023030 /* CreateNotificationVC.swift */,
			);
			path = Controllers;
			sourceTree = "<group>";
		};
		63E6BD2723FF1AB800023030 /* Views */ = {
			isa = PBXGroup;
			children = (
				63E6BD0923FF1A4100023030 /* Main.storyboard */,
				63E6BD0E23FF1A4400023030 /* LaunchScreen.storyboard */,
			);
			path = Views;
			sourceTree = "<group>";
		};
/* End PBXGroup section */

/* Begin PBXNativeTarget section */
		63E6BCFF23FF1A4100023030 /* LocalNotificationsLab */ = {
			isa = PBXNativeTarget;
			buildConfigurationList = 63E6BD1F23FF1A4500023030 /* Build configuration list for PBXNativeTarget "LocalNotificationsLab" */;
			buildPhases = (
				63E6BCFC23FF1A4100023030 /* Sources */,
				63E6BCFD23FF1A4100023030 /* Frameworks */,
				63E6BCFE23FF1A4100023030 /* Resources */,
			);
			buildRules = (
			);
			dependencies = (
			);
			name = LocalNotificationsLab;
			productName = LocalNotificationsLab;
			productReference = 63E6BD0023FF1A4100023030 /* LocalNotificationsLab.app */;
			productType = "com.apple.product-type.application";
		};
		63E6BD1523FF1A4500023030 /* LocalNotificationsLabTests */ = {
			isa = PBXNativeTarget;
			buildConfigurationList = 63E6BD2223FF1A4500023030 /* Build configuration list for PBXNativeTarget "LocalNotificationsLabTests" */;
			buildPhases = (
				63E6BD1223FF1A4500023030 /* Sources */,
				63E6BD1323FF1A4500023030 /* Frameworks */,
				63E6BD1423FF1A4500023030 /* Resources */,
			);
			buildRules = (
			);
			dependencies = (
				63E6BD1823FF1A4500023030 /* PBXTargetDependency */,
			);
			name = LocalNotificationsLabTests;
			productName = LocalNotificationsLabTests;
			productReference = 63E6BD1623FF1A4500023030 /* LocalNotificationsLabTests.xctest */;
			productType = "com.apple.product-type.bundle.unit-test";
		};
/* End PBXNativeTarget section */

/* Begin PBXProject section */
		63E6BCF823FF1A4100023030 /* Project object */ = {
			isa = PBXProject;
			attributes = {
				LastSwiftUpdateCheck = 1130;
				LastUpgradeCheck = 1130;
				ORGANIZATIONNAME = "David Lin (Passion Proj)";
				TargetAttributes = {
					63E6BCFF23FF1A4100023030 = {
						CreatedOnToolsVersion = 11.3;
					};
					63E6BD1523FF1A4500023030 = {
						CreatedOnToolsVersion = 11.3;
						TestTargetID = 63E6BCFF23FF1A4100023030;
					};
				};
			};
			buildConfigurationList = 63E6BCFB23FF1A4100023030 /* Build configuration list for PBXProject "LocalNotificationsLab" */;
			compatibilityVersion = "Xcode 9.3";
			developmentRegion = en;
			hasScannedForEncodings = 0;
			knownRegions = (
				en,
				Base,
			);
			mainGroup = 63E6BCF723FF1A4100023030;
			productRefGroup = 63E6BD0123FF1A4100023030 /* Products */;
			projectDirPath = "";
			projectRoot = "";
			targets = (
				63E6BCFF23FF1A4100023030 /* LocalNotificationsLab */,
				63E6BD1523FF1A4500023030 /* LocalNotificationsLabTests */,
			);
		};
/* End PBXProject section */

/* Begin PBXResourcesBuildPhase section */
		63E6BCFE23FF1A4100023030 /* Resources */ = {
			isa = PBXResourcesBuildPhase;
			buildActionMask = 2147483647;
			files = (
				63E6BD1023FF1A4400023030 /* LaunchScreen.storyboard in Resources */,
				63E6BD0D23FF1A4400023030 /* Assets.xcassets in Resources */,
				63E6BD2D23FF2DBB00023030 /* pika.jpeg in Resources */,
				63E6BD0B23FF1A4100023030 /* Main.storyboard in Resources */,
				63E6BD2F23FF2DE500023030 /* pikachu.mp3 in Resources */,
			);
			runOnlyForDeploymentPostprocessing = 0;
		};
		63E6BD1423FF1A4500023030 /* Resources */ = {
			isa = PBXResourcesBuildPhase;
			buildActionMask = 2147483647;
			files = (
			);
			runOnlyForDeploymentPostprocessing = 0;
		};
/* End PBXResourcesBuildPhase section */

/* Begin PBXSourcesBuildPhase section */
		63E6BCFC23FF1A4100023030 /* Sources */ = {
			isa = PBXSourcesBuildPhase;
			buildActionMask = 2147483647;
			files = (
				63E6BD0823FF1A4100023030 /* NotificationsVC.swift in Sources */,
				63E6BD2B23FF28B100023030 /* PendingNotification.swift in Sources */,
				63E6BD2923FF1EE500023030 /* CreateNotificationVC.swift in Sources */,
				63E6BD0423FF1A4100023030 /* AppDelegate.swift in Sources */,
				63E6BD0623FF1A4100023030 /* SceneDelegate.swift in Sources */,
			);
			runOnlyForDeploymentPostprocessing = 0;
		};
		63E6BD1223FF1A4500023030 /* Sources */ = {
			isa = PBXSourcesBuildPhase;
			buildActionMask = 2147483647;
			files = (
				63E6BD1B23FF1A4500023030 /* LocalNotificationsLabTests.swift in Sources */,
			);
			runOnlyForDeploymentPostprocessing = 0;
		};
/* End PBXSourcesBuildPhase section */

/* Begin PBXTargetDependency section */
		63E6BD1823FF1A4500023030 /* PBXTargetDependency */ = {
			isa = PBXTargetDependency;
			target = 63E6BCFF23FF1A4100023030 /* LocalNotificationsLab */;
			targetProxy = 63E6BD1723FF1A4500023030 /* PBXContainerItemProxy */;
		};
/* End PBXTargetDependency section */

/* Begin PBXVariantGroup section */
		63E6BD0923FF1A4100023030 /* Main.storyboard */ = {
			isa = PBXVariantGroup;
			children = (
				63E6BD0A23FF1A4100023030 /* Base */,
			);
			name = Main.storyboard;
			sourceTree = "<group>";
		};
		63E6BD0E23FF1A4400023030 /* LaunchScreen.storyboard */ = {
			isa = PBXVariantGroup;
			children = (
				63E6BD0F23FF1A4400023030 /* Base */,
			);
			name = LaunchScreen.storyboard;
			sourceTree = "<group>";
		};
/* End PBXVariantGroup section */

/* Begin XCBuildConfiguration section */
		63E6BD1D23FF1A4500023030 /* Debug */ = {
			isa = XCBuildConfiguration;
			buildSettings = {
				ALWAYS_SEARCH_USER_PATHS = NO;
				CLANG_ANALYZER_NONNULL = YES;
				CLANG_ANALYZER_NUMBER_OBJECT_CONVERSION = YES_AGGRESSIVE;
				CLANG_CXX_LANGUAGE_STANDARD = "gnu++14";
				CLANG_CXX_LIBRARY = "libc++";
				CLANG_ENABLE_MODULES = YES;
				CLANG_ENABLE_OBJC_ARC = YES;
				CLANG_ENABLE_OBJC_WEAK = YES;
				CLANG_WARN_BLOCK_CAPTURE_AUTORELEASING = YES;
				CLANG_WARN_BOOL_CONVERSION = YES;
				CLANG_WARN_COMMA = YES;
				CLANG_WARN_CONSTANT_CONVERSION = YES;
				CLANG_WARN_DEPRECATED_OBJC_IMPLEMENTATIONS = YES;
				CLANG_WARN_DIRECT_OBJC_ISA_USAGE = YES_ERROR;
				CLANG_WARN_DOCUMENTATION_COMMENTS = YES;
				CLANG_WARN_EMPTY_BODY = YES;
				CLANG_WARN_ENUM_CONVERSION = YES;
				CLANG_WARN_INFINITE_RECURSION = YES;
				CLANG_WARN_INT_CONVERSION = YES;
				CLANG_WARN_NON_LITERAL_NULL_CONVERSION = YES;
				CLANG_WARN_OBJC_IMPLICIT_RETAIN_SELF = YES;
				CLANG_WARN_OBJC_LITERAL_CONVERSION = YES;
				CLANG_WARN_OBJC_ROOT_CLASS = YES_ERROR;
				CLANG_WARN_RANGE_LOOP_ANALYSIS = YES;
				CLANG_WARN_STRICT_PROTOTYPES = YES;
				CLANG_WARN_SUSPICIOUS_MOVE = YES;
				CLANG_WARN_UNGUARDED_AVAILABILITY = YES_AGGRESSIVE;
				CLANG_WARN_UNREACHABLE_CODE = YES;
				CLANG_WARN__DUPLICATE_METHOD_MATCH = YES;
				COPY_PHASE_STRIP = NO;
				DEBUG_INFORMATION_FORMAT = dwarf;
				ENABLE_STRICT_OBJC_MSGSEND = YES;
				ENABLE_TESTABILITY = YES;
				GCC_C_LANGUAGE_STANDARD = gnu11;
				GCC_DYNAMIC_NO_PIC = NO;
				GCC_NO_COMMON_BLOCKS = YES;
				GCC_OPTIMIZATION_LEVEL = 0;
				GCC_PREPROCESSOR_DEFINITIONS = (
					"DEBUG=1",
					"$(inherited)",
				);
				GCC_WARN_64_TO_32_BIT_CONVERSION = YES;
				GCC_WARN_ABOUT_RETURN_TYPE = YES_ERROR;
				GCC_WARN_UNDECLARED_SELECTOR = YES;
				GCC_WARN_UNINITIALIZED_AUTOS = YES_AGGRESSIVE;
				GCC_WARN_UNUSED_FUNCTION = YES;
				GCC_WARN_UNUSED_VARIABLE = YES;
				IPHONEOS_DEPLOYMENT_TARGET = 13.2;
				MTL_ENABLE_DEBUG_INFO = INCLUDE_SOURCE;
				MTL_FAST_MATH = YES;
				ONLY_ACTIVE_ARCH = YES;
				SDKROOT = iphoneos;
				SWIFT_ACTIVE_COMPILATION_CONDITIONS = DEBUG;
				SWIFT_OPTIMIZATION_LEVEL = "-Onone";
			};
			name = Debug;
		};
		63E6BD1E23FF1A4500023030 /* Release */ = {
			isa = XCBuildConfiguration;
			buildSettings = {
				ALWAYS_SEARCH_USER_PATHS = NO;
				CLANG_ANALYZER_NONNULL = YES;
				CLANG_ANALYZER_NUMBER_OBJECT_CONVERSION = YES_AGGRESSIVE;
				CLANG_CXX_LANGUAGE_STANDARD = "gnu++14";
				CLANG_CXX_LIBRARY = "libc++";
				CLANG_ENABLE_MODULES = YES;
				CLANG_ENABLE_OBJC_ARC = YES;
				CLANG_ENABLE_OBJC_WEAK = YES;
				CLANG_WARN_BLOCK_CAPTURE_AUTORELEASING = YES;
				CLANG_WARN_BOOL_CONVERSION = YES;
				CLANG_WARN_COMMA = YES;
				CLANG_WARN_CONSTANT_CONVERSION = YES;
				CLANG_WARN_DEPRECATED_OBJC_IMPLEMENTATIONS = YES;
				CLANG_WARN_DIRECT_OBJC_ISA_USAGE = YES_ERROR;
				CLANG_WARN_DOCUMENTATION_COMMENTS = YES;
				CLANG_WARN_EMPTY_BODY = YES;
				CLANG_WARN_ENUM_CONVERSION = YES;
				CLANG_WARN_INFINITE_RECURSION = YES;
				CLANG_WARN_INT_CONVERSION = YES;
				CLANG_WARN_NON_LITERAL_NULL_CONVERSION = YES;
				CLANG_WARN_OBJC_IMPLICIT_RETAIN_SELF = YES;
				CLANG_WARN_OBJC_LITERAL_CONVERSION = YES;
				CLANG_WARN_OBJC_ROOT_CLASS = YES_ERROR;
				CLANG_WARN_RANGE_LOOP_ANALYSIS = YES;
				CLANG_WARN_STRICT_PROTOTYPES = YES;
				CLANG_WARN_SUSPICIOUS_MOVE = YES;
				CLANG_WARN_UNGUARDED_AVAILABILITY = YES_AGGRESSIVE;
				CLANG_WARN_UNREACHABLE_CODE = YES;
				CLANG_WARN__DUPLICATE_METHOD_MATCH = YES;
				COPY_PHASE_STRIP = NO;
				DEBUG_INFORMATION_FORMAT = "dwarf-with-dsym";
				ENABLE_NS_ASSERTIONS = NO;
				ENABLE_STRICT_OBJC_MSGSEND = YES;
				GCC_C_LANGUAGE_STANDARD = gnu11;
				GCC_NO_COMMON_BLOCKS = YES;
				GCC_WARN_64_TO_32_BIT_CONVERSION = YES;
				GCC_WARN_ABOUT_RETURN_TYPE = YES_ERROR;
				GCC_WARN_UNDECLARED_SELECTOR = YES;
				GCC_WARN_UNINITIALIZED_AUTOS = YES_AGGRESSIVE;
				GCC_WARN_UNUSED_FUNCTION = YES;
				GCC_WARN_UNUSED_VARIABLE = YES;
				IPHONEOS_DEPLOYMENT_TARGET = 13.2;
				MTL_ENABLE_DEBUG_INFO = NO;
				MTL_FAST_MATH = YES;
				SDKROOT = iphoneos;
				SWIFT_COMPILATION_MODE = wholemodule;
				SWIFT_OPTIMIZATION_LEVEL = "-O";
				VALIDATE_PRODUCT = YES;
			};
			name = Release;
		};
		63E6BD2023FF1A4500023030 /* Debug */ = {
			isa = XCBuildConfiguration;
			buildSettings = {
				ASSETCATALOG_COMPILER_APPICON_NAME = AppIcon;
				CODE_SIGN_STYLE = Automatic;
				DEVELOPMENT_TEAM = KJJ3AHRK2K;
				INFOPLIST_FILE = LocalNotificationsLab/Info.plist;
				LD_RUNPATH_SEARCH_PATHS = (
					"$(inherited)",
					"@executable_path/Frameworks",
				);
				PRODUCT_BUNDLE_IDENTIFIER = com.example.LocalNotificationsLab;
				PRODUCT_NAME = "$(TARGET_NAME)";
				SWIFT_VERSION = 5.0;
				TARGETED_DEVICE_FAMILY = "1,2";
			};
			name = Debug;
		};
		63E6BD2123FF1A4500023030 /* Release */ = {
			isa = XCBuildConfiguration;
			buildSettings = {
				ASSETCATALOG_COMPILER_APPICON_NAME = AppIcon;
				CODE_SIGN_STYLE = Automatic;
				DEVELOPMENT_TEAM = KJJ3AHRK2K;
				INFOPLIST_FILE = LocalNotificationsLab/Info.plist;
				LD_RUNPATH_SEARCH_PATHS = (
					"$(inherited)",
					"@executable_path/Frameworks",
				);
				PRODUCT_BUNDLE_IDENTIFIER = com.example.LocalNotificationsLab;
				PRODUCT_NAME = "$(TARGET_NAME)";
				SWIFT_VERSION = 5.0;
				TARGETED_DEVICE_FAMILY = "1,2";
			};
			name = Release;
		};
		63E6BD2323FF1A4500023030 /* Debug */ = {
			isa = XCBuildConfiguration;
			buildSettings = {
				ALWAYS_EMBED_SWIFT_STANDARD_LIBRARIES = YES;
				BUNDLE_LOADER = "$(TEST_HOST)";
				CODE_SIGN_STYLE = Automatic;
				DEVELOPMENT_TEAM = KJJ3AHRK2K;
				INFOPLIST_FILE = LocalNotificationsLabTests/Info.plist;
				IPHONEOS_DEPLOYMENT_TARGET = 13.2;
				LD_RUNPATH_SEARCH_PATHS = (
					"$(inherited)",
					"@executable_path/Frameworks",
					"@loader_path/Frameworks",
				);
				PRODUCT_BUNDLE_IDENTIFIER = com.example.LocalNotificationsLabTests;
				PRODUCT_NAME = "$(TARGET_NAME)";
				SWIFT_VERSION = 5.0;
				TARGETED_DEVICE_FAMILY = "1,2";
				TEST_HOST = "$(BUILT_PRODUCTS_DIR)/LocalNotificationsLab.app/LocalNotificationsLab";
			};
			name = Debug;
		};
		63E6BD2423FF1A4500023030 /* Release */ = {
			isa = XCBuildConfiguration;
			buildSettings = {
				ALWAYS_EMBED_SWIFT_STANDARD_LIBRARIES = YES;
				BUNDLE_LOADER = "$(TEST_HOST)";
				CODE_SIGN_STYLE = Automatic;
				DEVELOPMENT_TEAM = KJJ3AHRK2K;
				INFOPLIST_FILE = LocalNotificationsLabTests/Info.plist;
				IPHONEOS_DEPLOYMENT_TARGET = 13.2;
				LD_RUNPATH_SEARCH_PATHS = (
					"$(inherited)",
					"@executable_path/Frameworks",
					"@loader_path/Frameworks",
				);
				PRODUCT_BUNDLE_IDENTIFIER = com.example.LocalNotificationsLabTests;
				PRODUCT_NAME = "$(TARGET_NAME)";
				SWIFT_VERSION = 5.0;
				TARGETED_DEVICE_FAMILY = "1,2";
				TEST_HOST = "$(BUILT_PRODUCTS_DIR)/LocalNotificationsLab.app/LocalNotificationsLab";
			};
			name = Release;
		};
/* End XCBuildConfiguration section */

/* Begin XCConfigurationList section */
		63E6BCFB23FF1A4100023030 /* Build configuration list for PBXProject "LocalNotificationsLab" */ = {
			isa = XCConfigurationList;
			buildConfigurations = (
				63E6BD1D23FF1A4500023030 /* Debug */,
				63E6BD1E23FF1A4500023030 /* Release */,
			);
			defaultConfigurationIsVisible = 0;
			defaultConfigurationName = Release;
		};
		63E6BD1F23FF1A4500023030 /* Build configuration list for PBXNativeTarget "LocalNotificationsLab" */ = {
			isa = XCConfigurationList;
			buildConfigurations = (
				63E6BD2023FF1A4500023030 /* Debug */,
				63E6BD2123FF1A4500023030 /* Release */,
			);
			defaultConfigurationIsVisible = 0;
			defaultConfigurationName = Release;
		};
		63E6BD2223FF1A4500023030 /* Build configuration list for PBXNativeTarget "LocalNotificationsLabTests" */ = {
			isa = XCConfigurationList;
			buildConfigurations = (
				63E6BD2323FF1A4500023030 /* Debug */,
				63E6BD2423FF1A4500023030 /* Release */,
			);
			defaultConfigurationIsVisible = 0;
			defaultConfigurationName = Release;
		};
/* End XCConfigurationList section */
	};
	rootObject = 63E6BCF823FF1A4100023030 /* Project object */;
}
